
Microsoft Visual Studio Solution File, Format Version 12.00
# Visual Studio Version 17
VisualStudioVersion = 17.4.33122.133
MinimumVisualStudioVersion = 10.0.40219.1
Project("{9A19103F-16F7-4668-BE54-9A1E7A4F7556}") = "Day_01_Calorie_Counting", "Day_01_Calorie_Counting\Day_01_Calorie_Counting.csproj", "{118A4B19-79FD-4E62-BC80-CDA37FABC81D}"
EndProject
Project("{9A19103F-16F7-4668-BE54-9A1E7A4F7556}") = "Day_02_Rock_Paper_Scissors", "Day_02_Rock_Paper_Scissors\Day_02_Rock_Paper_Scissors.csproj", "{C67F1C18-BAB7-482D-A462-6B311A8370EC}"
EndProject
Project("{9A19103F-16F7-4668-BE54-9A1E7A4F7556}") = "Day_03_Rucksack_Reorganization", "Day_03_Rucksack_Reorganization\Day_03_Rucksack_Reorganization.csproj", "{8589D621-9B07-4A1A-8844-FCB544B607AF}"
EndProject
Project("{9A19103F-16F7-4668-BE54-9A1E7A4F7556}") = "Day_04_Camp_Cleanup", "Day_04_Camp_Cleanup\Day_04_Camp_Cleanup.csproj", "{61E99BE3-87FA-4C04-A175-888AB79DA260}"
EndProject
Project("{9A19103F-16F7-4668-BE54-9A1E7A4F7556}") = "Day_05_Supply_Stacks", "Day_05_Supply_Stacks\Day_05_Supply_Stacks.csproj", "{AEDA1A0D-422A-4D94-9678-CE0221E0732F}"
EndProject
Project("{9A19103F-16F7-4668-BE54-9A1E7A4F7556}") = "Day_06_Tuning_Trouble", "Day_06_Tuning_Trouble\Day_06_Tuning_Trouble.csproj", "{A0126E7A-FA10-4372-8C58-D4ACC292CAD6}"
EndProject
Project("{9A19103F-16F7-4668-BE54-9A1E7A4F7556}") = "Day_07_No_Space_Left_On_Device", "Day_07_No_Space_Left_On_Device\Day_07_No_Space_Left_On_Device.csproj", "{F6E688CD-05AD-4B12-AF56-6B7190968837}"
EndProject
Project("{9A19103F-16F7-4668-BE54-9A1E7A4F7556}") = "Day_08_Treetop Tree House", "Day_08_Treetop Tree House\Day_08_Treetop Tree House.csproj", "{E30F3A72-5C1D-4D1F-8AE8-FA3B0E57A1D0}"
EndProject
Project("{9A19103F-16F7-4668-BE54-9A1E7A4F7556}") = "Day_09_Rope_Bridge", "Day_09_Rope_Bridge\Day_09_Rope_Bridge.csproj", "{E9097FC0-11FF-461A-B213-66F021A7C79E}"
EndProject
Project("{9A19103F-16F7-4668-BE54-9A1E7A4F7556}") = "Day_10_Cathode-Ray_Tube", "Day_10_Cathode-Ray_Tube\Day_10_Cathode-Ray_Tube.csproj", "{585F712D-F6F0-4F30-BE77-6B945E7984DA}"
EndProject
Project("{9A19103F-16F7-4668-BE54-9A1E7A4F7556}") = "Day_11_Monkey_in_the_Middle", "Day_11_Monkey_in_the_Middle\Day_11_Monkey_in_the_Middle.csproj", "{F1334B3F-E53E-4302-9796-F49B86FAA983}"
EndProject
Project("{9A19103F-16F7-4668-BE54-9A1E7A4F7556}") = "Day_12_Hill_Climbing_Algorithm", "Day_12_Hill_Climbing_Algorithm\Day_12_Hill_Climbing_Algorithm.csproj", "{656F25DE-B917-442A-B519-070F10789F3C}"
EndProject
Project("{9A19103F-16F7-4668-BE54-9A1E7A4F7556}") = "Day_13_Distress_Signal", "Day_13_Distress_Signal\Day_13_Distress_Signal.csproj", "{CDFC13F5-983D-4DE6-9371-49782612DD88}"
EndProject
Project("{FAE04EC0-301F-11D3-BF4B-00C04F79EFBC}") = "Day_14_Regolith_Reservoir", "Day_14_Regolith_Reservoir\Day_14_Regolith_Reservoir.csproj", "{0175407A-EDD8-45C3-BAFE-2BEA5A398581}"
EndProject
Global
	GlobalSection(SolutionConfigurationPlatforms) = preSolution
		Debug|Any CPU = Debug|Any CPU
		Release|Any CPU = Release|Any CPU
	EndGlobalSection
	GlobalSection(ProjectConfigurationPlatforms) = postSolution
		{118A4B19-79FD-4E62-BC80-CDA37FABC81D}.Debug|Any CPU.ActiveCfg = Debug|Any CPU
		{118A4B19-79FD-4E62-BC80-CDA37FABC81D}.Debug|Any CPU.Build.0 = Debug|Any CPU
		{118A4B19-79FD-4E62-BC80-CDA37FABC81D}.Release|Any CPU.ActiveCfg = Release|Any CPU
		{118A4B19-79FD-4E62-BC80-CDA37FABC81D}.Release|Any CPU.Build.0 = Release|Any CPU
		{C67F1C18-BAB7-482D-A462-6B311A8370EC}.Debug|Any CPU.ActiveCfg = Debug|Any CPU
		{C67F1C18-BAB7-482D-A462-6B311A8370EC}.Debug|Any CPU.Build.0 = Debug|Any CPU
		{C67F1C18-BAB7-482D-A462-6B311A8370EC}.Release|Any CPU.ActiveCfg = Release|Any CPU
		{C67F1C18-BAB7-482D-A462-6B311A8370EC}.Release|Any CPU.Build.0 = Release|Any CPU
		{8589D621-9B07-4A1A-8844-FCB544B607AF}.Debug|Any CPU.ActiveCfg = Debug|Any CPU
		{8589D621-9B07-4A1A-8844-FCB544B607AF}.Debug|Any CPU.Build.0 = Debug|Any CPU
		{8589D621-9B07-4A1A-8844-FCB544B607AF}.Release|Any CPU.ActiveCfg = Release|Any CPU
		{8589D621-9B07-4A1A-8844-FCB544B607AF}.Release|Any CPU.Build.0 = Release|Any CPU
		{61E99BE3-87FA-4C04-A175-888AB79DA260}.Debug|Any CPU.ActiveCfg = Debug|Any CPU
		{61E99BE3-87FA-4C04-A175-888AB79DA260}.Debug|Any CPU.Build.0 = Debug|Any CPU
		{61E99BE3-87FA-4C04-A175-888AB79DA260}.Release|Any CPU.ActiveCfg = Release|Any CPU
		{61E99BE3-87FA-4C04-A175-888AB79DA260}.Release|Any CPU.Build.0 = Release|Any CPU
		{AEDA1A0D-422A-4D94-9678-CE0221E0732F}.Debug|Any CPU.ActiveCfg = Debug|Any CPU
		{AEDA1A0D-422A-4D94-9678-CE0221E0732F}.Debug|Any CPU.Build.0 = Debug|Any CPU
		{AEDA1A0D-422A-4D94-9678-CE0221E0732F}.Release|Any CPU.ActiveCfg = Release|Any CPU
		{AEDA1A0D-422A-4D94-9678-CE0221E0732F}.Release|Any CPU.Build.0 = Release|Any CPU
		{A0126E7A-FA10-4372-8C58-D4ACC292CAD6}.Debug|Any CPU.ActiveCfg = Debug|Any CPU
		{A0126E7A-FA10-4372-8C58-D4ACC292CAD6}.Debug|Any CPU.Build.0 = Debug|Any CPU
		{A0126E7A-FA10-4372-8C58-D4ACC292CAD6}.Release|Any CPU.ActiveCfg = Release|Any CPU
		{A0126E7A-FA10-4372-8C58-D4ACC292CAD6}.Release|Any CPU.Build.0 = Release|Any CPU
		{F6E688CD-05AD-4B12-AF56-6B7190968837}.Debug|Any CPU.ActiveCfg = Debug|Any CPU
		{F6E688CD-05AD-4B12-AF56-6B7190968837}.Debug|Any CPU.Build.0 = Debug|Any CPU
		{F6E688CD-05AD-4B12-AF56-6B7190968837}.Release|Any CPU.ActiveCfg = Release|Any CPU
		{F6E688CD-05AD-4B12-AF56-6B7190968837}.Release|Any CPU.Build.0 = Release|Any CPU
		{E30F3A72-5C1D-4D1F-8AE8-FA3B0E57A1D0}.Debug|Any CPU.ActiveCfg = Debug|Any CPU
		{E30F3A72-5C1D-4D1F-8AE8-FA3B0E57A1D0}.Debug|Any CPU.Build.0 = Debug|Any CPU
		{E30F3A72-5C1D-4D1F-8AE8-FA3B0E57A1D0}.Release|Any CPU.ActiveCfg = Release|Any CPU
		{E30F3A72-5C1D-4D1F-8AE8-FA3B0E57A1D0}.Release|Any CPU.Build.0 = Release|Any CPU
		{E9097FC0-11FF-461A-B213-66F021A7C79E}.Debug|Any CPU.ActiveCfg = Debug|Any CPU
		{E9097FC0-11FF-461A-B213-66F021A7C79E}.Debug|Any CPU.Build.0 = Debug|Any CPU
		{E9097FC0-11FF-461A-B213-66F021A7C79E}.Release|Any CPU.ActiveCfg = Release|Any CPU
		{E9097FC0-11FF-461A-B213-66F021A7C79E}.Release|Any CPU.Build.0 = Release|Any CPU
		{585F712D-F6F0-4F30-BE77-6B945E7984DA}.Debug|Any CPU.ActiveCfg = Debug|Any CPU
		{585F712D-F6F0-4F30-BE77-6B945E7984DA}.Debug|Any CPU.Build.0 = Debug|Any CPU
		{585F712D-F6F0-4F30-BE77-6B945E7984DA}.Release|Any CPU.ActiveCfg = Release|Any CPU
		{585F712D-F6F0-4F30-BE77-6B945E7984DA}.Release|Any CPU.Build.0 = Release|Any CPU
		{F1334B3F-E53E-4302-9796-F49B86FAA983}.Debug|Any CPU.ActiveCfg = Debug|Any CPU
		{F1334B3F-E53E-4302-9796-F49B86FAA983}.Debug|Any CPU.Build.0 = Debug|Any CPU
		{F1334B3F-E53E-4302-9796-F49B86FAA983}.Release|Any CPU.ActiveCfg = Release|Any CPU
		{F1334B3F-E53E-4302-9796-F49B86FAA983}.Release|Any CPU.Build.0 = Release|Any CPU
		{656F25DE-B917-442A-B519-070F10789F3C}.Debug|Any CPU.ActiveCfg = Debug|Any CPU
		{656F25DE-B917-442A-B519-070F10789F3C}.Debug|Any CPU.Build.0 = Debug|Any CPU
		{656F25DE-B917-442A-B519-070F10789F3C}.Release|Any CPU.ActiveCfg = Release|Any CPU
		{656F25DE-B917-442A-B519-070F10789F3C}.Release|Any CPU.Build.0 = Release|Any CPU
		{CDFC13F5-983D-4DE6-9371-49782612DD88}.Debug|Any CPU.ActiveCfg = Debug|Any CPU
		{CDFC13F5-983D-4DE6-9371-49782612DD88}.Debug|Any CPU.Build.0 = Debug|Any CPU
		{CDFC13F5-983D-4DE6-9371-49782612DD88}.Release|Any CPU.ActiveCfg = Release|Any CPU
		{CDFC13F5-983D-4DE6-9371-49782612DD88}.Release|Any CPU.Build.0 = Release|Any CPU
		{0175407A-EDD8-45C3-BAFE-2BEA5A398581}.Debug|Any CPU.ActiveCfg = Debug|Any CPU
		{0175407A-EDD8-45C3-BAFE-2BEA5A398581}.Debug|Any CPU.Build.0 = Debug|Any CPU
		{0175407A-EDD8-45C3-BAFE-2BEA5A398581}.Release|Any CPU.ActiveCfg = Release|Any CPU
		{0175407A-EDD8-45C3-BAFE-2BEA5A398581}.Release|Any CPU.Build.0 = Release|Any CPU
	EndGlobalSection
	GlobalSection(SolutionProperties) = preSolution
		HideSolutionNode = FALSE
	EndGlobalSection
	GlobalSection(ExtensibilityGlobals) = postSolution
		SolutionGuid = {E598AE9A-152B-4076-A8CD-B5336CD4A13C}
	EndGlobalSection
EndGlobal
